Microsoft Visual Studio Solution File, Format Version 12.00
# Visual Studio Version 17
VisualStudioVersion = 17.5.2.0
MinimumVisualStudioVersion = 10.0.40219.1
Project("{FAE04EC0-301F-11D3-BF4B-00C04F79EFBC}") = "SwiftRoute.API", "SwiftRoute.API\SwiftRoute.API.csproj", "{4A6FB79C-6BD7-49E6-CF9C-1FD2205FA6DE}"
EndProject
Global
	GlobalSection(SolutionConfigurationPlatforms) = preSolution
		Debug|Any CPU = Debug|Any CPU
		Release|Any CPU = Release|Any CPU
	EndGlobalSection
	GlobalSection(ProjectConfigurationPlatforms) = postSolution
		{4A6FB79C-6BD7-49E6-CF9C-1FD2205FA6DE}.Debug|Any CPU.ActiveCfg = Debug|Any CPU
		{4A6FB79C-6BD7-49E6-CF9C-1FD2205FA6DE}.Debug|Any CPU.Build.0 = Debug|Any CPU
		{4A6FB79C-6BD7-49E6-CF9C-1FD2205FA6DE}.Release|Any CPU.ActiveCfg = Release|Any CPU
		{4A6FB79C-6BD7-49E6-CF9C-1FD2205FA6DE}.Release|Any CPU.Build.0 = Release|Any CPU
	EndGlobalSection
	GlobalSection(SolutionProperties) = preSolution
		HideSolutionNode = FALSE
	EndGlobalSection
	GlobalSection(ExtensibilityGlobals) = postSolution
		SolutionGuid = {305E8956-AC9C-4082-9D53-2CC5A00BD52A}
	EndGlobalSection
EndGlobal
